<Solution>
  <Folder Name="/Api/">
    <Project Path="src/Api/NorthernLink.Api/NorthernLink.Api.csproj" />
  </Folder>
  <Folder Name="/Shared/">
    <Project Path="src/Shared/NorthernLink.Shared.csproj" />
  </Folder>
  <Folder Name="/Domains/">
    <Project Path="src/Billing/NorthernLink.Billing.csproj" />
    <Project Path="src/Clients/NorthernLink.Clients.csproj" />
    <Project Path="src/Drivers/NorthernLink.Drivers.csproj" />
    <Project Path="src/Fleet/NorthernLink.Fleet.csproj" />
    <Project Path="src/Grocery/NorthernLink.Grocery.csproj" />
    <Project Path="src/Identity/NorthernLink.Identity.csproj" />
    <Project Path="src/Incidents/NorthernLink.Incidents.csproj" />
    <Project Path="src/Notifications/NorthernLink.Notifications.csproj" />
    <Project Path="src/Trips/NorthernLink.Trips.csproj" />
  </Folder>
  <Folder Name="/Tests/">
    <Project Path="tests/NorthernLink.ArchitectureTests/NorthernLink.ArchitectureTests.csproj" />
    <Project Path="tests/NorthernLink.Fleet.Tests/NorthernLink.Fleet.Tests.csproj" />
    <Project Path="tests/NorthernLink.Shared.Tests/NorthernLink.Shared.Tests.csproj" />
    <Project Path="tests/NorthernLink.Fleet.IntegrationTests/NorthernLink.Fleet.IntegrationTests.csproj" />
    <Project Path="tests/NorthernLink.Identity.Tests/NorthernLink.Identity.Tests.csproj" />
    <Project Path="tests/NorthernLink.Identity.IntegrationTests/NorthernLink.Identity.IntegrationTests.csproj" />
    <Project Path="tests/NorthernLink.Trips.Tests/NorthernLink.Trips.Tests.csproj" />
    <Project Path="tests/NorthernLink.Drivers.Tests/NorthernLink.Drivers.Tests.csproj" />
    <Project Path="tests/NorthernLink.Drivers.IntegrationTests/NorthernLink.Drivers.IntegrationTests.csproj" />
    <Project Path="tests/NorthernLink.Clients.Tests/NorthernLink.Clients.Tests.csproj" />
    <Project Path="tests/NorthernLink.Billing.Tests/NorthernLink.Billing.Tests.csproj" />
  </Folder>
</Solution>
